
Microsoft Visual Studio Solution File, Format Version 12.00
# Visual Studio 15
VisualStudioVersion = 15.0.27130.2026
MinimumVisualStudioVersion = 10.0.40219.1
Project("{FAE04EC0-301F-11D3-BF4B-00C04F79EFBC}") = "APIConnector", "APIConnector\APIConnector.csproj", "{7FB95495-8118-4CA4-88D8-B9CE21B2A460}"
EndProject
Project("{FAE04EC0-301F-11D3-BF4B-00C04F79EFBC}") = "AffiliateBuilder", "AffiliateBuilder\AffiliateBuilder.csproj", "{D8B9822A-E9C1-48E5-8E37-D1A9D90083F2}"
EndProject
Global
	GlobalSection(SolutionConfigurationPlatforms) = preSolution
		Debug|Any CPU = Debug|Any CPU
		Release|Any CPU = Release|Any CPU
	EndGlobalSection
	GlobalSection(ProjectConfigurationPlatforms) = postSolution
		{7FB95495-8118-4CA4-88D8-B9CE21B2A460}.Debug|Any CPU.ActiveCfg = Debug|Any CPU
		{7FB95495-8118-4CA4-88D8-B9CE21B2A460}.Debug|Any CPU.Build.0 = Debug|Any CPU
		{7FB95495-8118-4CA4-88D8-B9CE21B2A460}.Release|Any CPU.ActiveCfg = Release|Any CPU
		{7FB95495-8118-4CA4-88D8-B9CE21B2A460}.Release|Any CPU.Build.0 = Release|Any CPU
		{D8B9822A-E9C1-48E5-8E37-D1A9D90083F2}.Debug|Any CPU.ActiveCfg = Debug|Any CPU
		{D8B9822A-E9C1-48E5-8E37-D1A9D90083F2}.Debug|Any CPU.Build.0 = Debug|Any CPU
		{D8B9822A-E9C1-48E5-8E37-D1A9D90083F2}.Release|Any CPU.ActiveCfg = Release|Any CPU
		{D8B9822A-E9C1-48E5-8E37-D1A9D90083F2}.Release|Any CPU.Build.0 = Release|Any CPU
	EndGlobalSection
	GlobalSection(SolutionProperties) = preSolution
		HideSolutionNode = FALSE
	EndGlobalSection
	GlobalSection(ExtensibilityGlobals) = postSolution
		SolutionGuid = {8FED95E2-1B03-414B-BF6D-F89F1D512E8F}
	EndGlobalSection
EndGlobal
